
Microsoft Visual Studio Solution File, Format Version 12.00
# Visual Studio Version 17
VisualStudioVersion = 17.4.33205.214
MinimumVisualStudioVersion = 10.0.40219.1
Project("{9A19103F-16F7-4668-BE54-9A1E7A4F7556}") = "3Ecommerce.Server", "Server\3Ecommerce.Server.csproj", "{2DD04480-C981-4BF2-A07D-FD8609DA087A}"
EndProject
Project("{9A19103F-16F7-4668-BE54-9A1E7A4F7556}") = "3Ecommerce.Client", "Client\3Ecommerce.Client.csproj", "{9FECF4E8-6E74-4F77-A5C2-5EC6C7031F99}"
EndProject
Project("{9A19103F-16F7-4668-BE54-9A1E7A4F7556}") = "3Ecommerce.Shared", "Shared\3Ecommerce.Shared.csproj", "{FD4E0B74-E49F-4991-95FB-A4AADF39F57D}"
EndProject
Global
	GlobalSection(SolutionConfigurationPlatforms) = preSolution
		Debug|Any CPU = Debug|Any CPU
		Release|Any CPU = Release|Any CPU
	EndGlobalSection
	GlobalSection(ProjectConfigurationPlatforms) = postSolution
		{2DD04480-C981-4BF2-A07D-FD8609DA087A}.Debug|Any CPU.ActiveCfg = Debug|Any CPU
		{2DD04480-C981-4BF2-A07D-FD8609DA087A}.Debug|Any CPU.Build.0 = Debug|Any CPU
		{2DD04480-C981-4BF2-A07D-FD8609DA087A}.Release|Any CPU.ActiveCfg = Release|Any CPU
		{2DD04480-C981-4BF2-A07D-FD8609DA087A}.Release|Any CPU.Build.0 = Release|Any CPU
		{9FECF4E8-6E74-4F77-A5C2-5EC6C7031F99}.Debug|Any CPU.ActiveCfg = Debug|Any CPU
		{9FECF4E8-6E74-4F77-A5C2-5EC6C7031F99}.Debug|Any CPU.Build.0 = Debug|Any CPU
		{9FECF4E8-6E74-4F77-A5C2-5EC6C7031F99}.Release|Any CPU.ActiveCfg = Release|Any CPU
		{9FECF4E8-6E74-4F77-A5C2-5EC6C7031F99}.Release|Any CPU.Build.0 = Release|Any CPU
		{FD4E0B74-E49F-4991-95FB-A4AADF39F57D}.Debug|Any CPU.ActiveCfg = Debug|Any CPU
		{FD4E0B74-E49F-4991-95FB-A4AADF39F57D}.Debug|Any CPU.Build.0 = Debug|Any CPU
		{FD4E0B74-E49F-4991-95FB-A4AADF39F57D}.Release|Any CPU.ActiveCfg = Release|Any CPU
		{FD4E0B74-E49F-4991-95FB-A4AADF39F57D}.Release|Any CPU.Build.0 = Release|Any CPU
	EndGlobalSection
	GlobalSection(SolutionProperties) = preSolution
		HideSolutionNode = FALSE
	EndGlobalSection
	GlobalSection(ExtensibilityGlobals) = postSolution
		SolutionGuid = {7F402639-4A9C-42A6-9C66-7AF5D1CED3F3}
	EndGlobalSection
EndGlobal
